
Microsoft Visual Studio Solution File, Format Version 12.00
# Blend for Visual Studio Version 16
VisualStudioVersion = 16.0.29215.179
MinimumVisualStudioVersion = 10.0.40219.1
Project("{FAE04EC0-301F-11D3-BF4B-00C04F79EFBC}") = "ImpotsLST", "ImpotsLST\ImpotsLST.csproj", "{09BD56CA-4FF6-4C10-AAD1-AA207A48A0EF}"
EndProject
Global
	GlobalSection(SolutionConfigurationPlatforms) = preSolution
		Debug|Any CPU = Debug|Any CPU
		Release|Any CPU = Release|Any CPU
	EndGlobalSection
	GlobalSection(ProjectConfigurationPlatforms) = postSolution
		{09BD56CA-4FF6-4C10-AAD1-AA207A48A0EF}.Debug|Any CPU.ActiveCfg = Debug|Any CPU
		{09BD56CA-4FF6-4C10-AAD1-AA207A48A0EF}.Debug|Any CPU.Build.0 = Debug|Any CPU
		{09BD56CA-4FF6-4C10-AAD1-AA207A48A0EF}.Release|Any CPU.ActiveCfg = Release|Any CPU
		{09BD56CA-4FF6-4C10-AAD1-AA207A48A0EF}.Release|Any CPU.Build.0 = Release|Any CPU
	EndGlobalSection
	GlobalSection(SolutionProperties) = preSolution
		HideSolutionNode = FALSE
	EndGlobalSection
	GlobalSection(ExtensibilityGlobals) = postSolution
		SolutionGuid = {48A608D2-98F7-4E81-9C9E-473A3357FCA5}
	EndGlobalSection
EndGlobal
